{
  "name": "syno-music-app",
  "version": "1.0.0-beta.2",
  "lockfileVersion": 1,
  "requires": true,
  "dependencies": {
    "bootstrap": {
      "version": "3.3.7",
      "resolved": "https://registry.npmjs.org/bootstrap/-/bootstrap-3.3.7.tgz",
      "integrity": "sha1-WjiTlFSfIzMIdaOxUGVldPip63E="
    },
    "fonts-raleway": {
      "version": "0.0.4",
      "resolved": "https://registry.npmjs.org/fonts-raleway/-/fonts-raleway-0.0.4.tgz",
      "integrity": "sha1-2DJyB2hIf4zG14SVCVxs2wMrFCg="
    },
    "roboto-fontface": {
      "version": "0.8.0",
      "resolved": "https://registry.npmjs.org/roboto-fontface/-/roboto-fontface-0.8.0.tgz",
      "integrity": "sha512-ZYzRkETgBrdEGzL5JSKimvjI2CX7ioyZCkX2BpcfyjqI+079W0wHAyj5W4rIZMcDSOHgLZtgz1IdDi/vU77KEQ=="
    },
    "sass-material-colors": {
      "version": "0.0.5",
      "resolved": "https://registry.npmjs.org/sass-material-colors/-/sass-material-colors-0.0.5.tgz",
      "integrity": "sha1-uURTkjbJTi1OzjXS7j+iLxCy7UM="
    },
    "source-sans-pro": {
      "version": "2.0.10",
      "resolved": "https://registry.npmjs.org/source-sans-pro/-/source-sans-pro-2.0.10.tgz",
      "integrity": "sha1-wcqFnPFkoIiUTF6DdFCF6HzVM6k="
    }
  }
}
