{
  "name": "syno-music-app",
  "version": "1.0.0-beta.2",
  "lockfileVersion": 1,
  "requires": true,
  "dependencies": {
    "bootstrap": {
      "version": "3.3.7",
      "resolved": "https://registry.npmjs.org/bootstrap/-/bootstrap-3.3.7.tgz",
      "integrity": "sha1-WjiTlFSfIzMIdaOxUGVldPip63E="
    },
    "fonts-raleway": {
      "version": "0.0.4",
      "resolved": "https://registry.npmjs.org/fonts-raleway/-/fonts-raleway-0.0.4.tgz",
      "integrity": "sha1-2DJyB2hIf4zG14SVCVxs2wMrFCg="
    },
    "source-sans-pro": {
      "version": "2.0.10",
      "resolved": "https://registry.npmjs.org/source-sans-pro/-/source-sans-pro-2.0.10.tgz",
      "integrity": "sha1-wcqFnPFkoIiUTF6DdFCF6HzVM6k="
    }
  }
}
