# THIS IS AN AUTOGENERATED FILE. DO NOT EDIT THIS FILE DIRECTLY.
# yarn lockfile v1


bootstrap@^3.3.7:
  version "3.3.7"
  resolved "https://registry.yarnpkg.com/bootstrap/-/bootstrap-3.3.7.tgz#5a389394549f23330875a3b150656574f8a9eb71"

fonts-raleway@0.0.4:
  version "0.0.4"
  resolved "https://registry.yarnpkg.com/fonts-raleway/-/fonts-raleway-0.0.4.tgz#d832720768487f8cc6d78495095c6cdb032b1428"

sass-material-colors@^0.0.5:
  version "0.0.5"
  resolved "https://registry.yarnpkg.com/sass-material-colors/-/sass-material-colors-0.0.5.tgz#b944539236c94e2d4ece35d2ee3fa22f10b2ed43"

source-sans-pro@^2.0.10:
  version "2.0.10"
  resolved "https://registry.yarnpkg.com/source-sans-pro/-/source-sans-pro-2.0.10.tgz#c1ca859cf164a088944c5e83745085e87cd533a9"
